
Microsoft Visual Studio Solution File, Format Version 12.00
# Visual Studio Version 17
VisualStudioVersion = 17.13.35828.75 d17.13
MinimumVisualStudioVersion = 10.0.40219.1
Project("{FAE04EC0-301F-11D3-BF4B-00C04F79EFBC}") = "DairyPlus", "DairyPlus\DairyPlus.csproj", "{A92CE616-6CBE-421D-AC4C-B994AFFD43D7}"
EndProject
Project("{FAE04EC0-301F-11D3-BF4B-00C04F79EFBC}") = "CakeBuild", "ZZCakeBuild\CakeBuild.csproj", "{D63F9408-D370-4334-B2C2-7E95B49FFF6F}"
EndProject
Global
	GlobalSection(SolutionConfigurationPlatforms) = preSolution
		Debug|Any CPU = Debug|Any CPU
		Release|Any CPU = Release|Any CPU
	EndGlobalSection
	GlobalSection(ProjectConfigurationPlatforms) = postSolution
		{A92CE616-6CBE-421D-AC4C-B994AFFD43D7}.Debug|Any CPU.ActiveCfg = Debug|Any CPU
		{A92CE616-6CBE-421D-AC4C-B994AFFD43D7}.Debug|Any CPU.Build.0 = Debug|Any CPU
		{A92CE616-6CBE-421D-AC4C-B994AFFD43D7}.Release|Any CPU.ActiveCfg = Release|Any CPU
		{A92CE616-6CBE-421D-AC4C-B994AFFD43D7}.Release|Any CPU.Build.0 = Release|Any CPU
		{D63F9408-D370-4334-B2C2-7E95B49FFF6F}.Debug|Any CPU.ActiveCfg = Debug|Any CPU
		{D63F9408-D370-4334-B2C2-7E95B49FFF6F}.Debug|Any CPU.Build.0 = Debug|Any CPU
		{D63F9408-D370-4334-B2C2-7E95B49FFF6F}.Release|Any CPU.ActiveCfg = Release|Any CPU
		{D63F9408-D370-4334-B2C2-7E95B49FFF6F}.Release|Any CPU.Build.0 = Release|Any CPU
	EndGlobalSection
	GlobalSection(SolutionProperties) = preSolution
		HideSolutionNode = FALSE
	EndGlobalSection
	GlobalSection(ExtensibilityGlobals) = postSolution
		SolutionGuid = {DC4C58E1-2973-45CB-BEB8-9574E9114E98}
	EndGlobalSection
EndGlobal
